
Microsoft Visual Studio Solution File, Format Version 12.00
# Visual Studio 15
VisualStudioVersion = 15.0.28307.271
MinimumVisualStudioVersion = 10.0.40219.1
Project("{FAE04EC0-301F-11D3-BF4B-00C04F79EFBC}") = "IntCompiladores", "IntCompiladores\IntCompiladores.csproj", "{4502E2DE-E1E6-4D54-BF61-663644136B90}"
EndProject
Global
	GlobalSection(SolutionConfigurationPlatforms) = preSolution
		Debug|Any CPU = Debug|Any CPU
		Release|Any CPU = Release|Any CPU
	EndGlobalSection
	GlobalSection(ProjectConfigurationPlatforms) = postSolution
		{4502E2DE-E1E6-4D54-BF61-663644136B90}.Debug|Any CPU.ActiveCfg = Debug|Any CPU
		{4502E2DE-E1E6-4D54-BF61-663644136B90}.Debug|Any CPU.Build.0 = Debug|Any CPU
		{4502E2DE-E1E6-4D54-BF61-663644136B90}.Release|Any CPU.ActiveCfg = Release|Any CPU
		{4502E2DE-E1E6-4D54-BF61-663644136B90}.Release|Any CPU.Build.0 = Release|Any CPU
	EndGlobalSection
	GlobalSection(SolutionProperties) = preSolution
		HideSolutionNode = FALSE
	EndGlobalSection
	GlobalSection(ExtensibilityGlobals) = postSolution
		SolutionGuid = {FE9E842F-D892-4A09-98F5-8057568515E4}
	EndGlobalSection
EndGlobal
